{
  "name": "scratch",
  "version": "1.0.0",
  "lockfileVersion": 3,
  "requires": true,
  "packages": {
    "": {
      "name": "scratch",
      "version": "1.0.0",
      "license": "ISC",
      "dependencies": {
        "country-flag-emoji": "^1.0.3"
      }
    },
    "node_modules/country-flag-emoji": {
      "version": "1.0.3",
      "resolved": "https://registry.npmjs.org/country-flag-emoji/-/country-flag-emoji-1.0.3.tgz",
      "integrity": "sha512-OVMltN9rF8Rd9fjDzcNAT376fslwlkTuu+BeqzY4Z+kr+nF/3u4Kod5SyEKuABxwvi6tWO7uszO3MgWzoevAuQ==",
      "license": "MIT",
      "engines": {
        "node": ">=10.0.0"
      }
    }
  }
}
